PODS:
  - Alamofire (4.9.0)
  - AMapFoundation (1.6.4)
  - AMapLocation (2.6.7):
    - AMapFoundation (~> 1.6.4)
  - Bugly (2.5.71)
  - CLImagePickerTool (3.1.3)
  - FSCalendar (2.8.0)
  - HandyJSON (5.0.0)
  - IQKeyboardManagerSwift (6.3.0)
  - Kingfisher (5.8.3):
    - Kingfisher/Core (= 5.8.3)
  - Kingfisher/Core (5.8.3)
  - Masonry (1.1.0)
  - MJRefresh (3.3.1)
  - RongCloudIM/IMKit (2.10.6):
    - RongCloudIM/IMLib
  - RongCloudIM/IMLib (2.10.6)
  - RxCocoa (5.1.1):
    - RxRelay (~> 5)
    - RxSwift (~> 5)
  - RxRelay (5.1.1):
    - RxSwift (~> 5)
  - RxSwift (5.1.1)
  - SensorsAnalyticsSDK/core (2.1.2)
  - SensorsAnalyticsSDK/DISABLE_UIWEBVIEW (2.1.2):
    - SensorsAnalyticsSDK/core
  - SnapKit (5.0.1)
  - SwiftyJSON (5.0.0)
  - WechatOpenSDK (1.8.6)
  - WMPlayer (5.0.0):
    - Masonry

DEPENDENCIES:
  - Alamofire
  - AMapLocation
  - Bugly (= 2.5.71)
  - CLImagePickerTool (from `https://github.com/Darren-chenchen/CLImagePickerTool.git`)
  - FSCalendar (= 2.8.0)
  - HandyJSON (= 5.0.0)
  - IQKeyboardManagerSwift (= 6.3.0)
  - Kingfisher (= 5.8.3)
  - Masonry (= 1.1.0)
  - MJRefresh (= 3.3.1)
  - RongCloudIM/IMKit (= 2.10.6)
  - RongCloudIM/IMLib (= 2.10.6)
  - RxCocoa (~> 5.1.1)
  - RxSwift (~> 5.1.1)
  - SensorsAnalyticsSDK/DISABLE_UIWEBVIEW
  - SnapKit (= 5.0.1)
  - SwiftyJSON (= 5.0.0)
  - WechatOpenSDK
  - WMPlayer (= 5.0.0)

SPEC REPOS:
  https://github.com/CocoaPods/Specs.git:
    - Alamofire
    - AMapFoundation
    - AMapLocation
    - Bugly
    - FSCalendar
    - HandyJSON
    - IQKeyboardManagerSwift
    - Kingfisher
    - Masonry
    - MJRefresh
    - RongCloudIM
    - RxCocoa
    - RxRelay
    - RxSwift
    - SensorsAnalyticsSDK
    - SnapKit
    - SwiftyJSON
    - WechatOpenSDK
    - WMPlayer

EXTERNAL SOURCES:
  CLImagePickerTool:
    :git: https://github.com/Darren-chenchen/CLImagePickerTool.git

CHECKOUT OPTIONS:
  CLImagePickerTool:
    :commit: "ed5e4db0df5bbdc4ad2354cc442db84388977ce2\nerror: key does not contain a section: trustexitcode"
    :git: https://github.com/Darren-chenchen/CLImagePickerTool.git

SPEC CHECKSUMS:
  Alamofire: afc3e7c6db61476cb45cdd23fed06bad03bbc321
  AMapFoundation: 3638198dfa40be54648570c3520edefad288286b
  AMapLocation: a46c30d9930d0f3a3bd21139d8f845d10ac3f01d
  Bugly: fd066c75c4a0eca1440f9b6a84bd37d51bfc85ac
  CLImagePickerTool: 2ef59c6524efd493571a0ee2bc42f445b4c5b2cb
  FSCalendar: 3a5ed3636e2ba1b83ebebfcf0c2603105a6f5efe
  HandyJSON: 992f2d661716d6a91de82d0056927bc7813b5770
  IQKeyboardManagerSwift: a8228c257614af98743b4cd8584637025f36358f
  Kingfisher: b7e4cb65ff24c264bd2a1284b75b974d907afd94
  Masonry: 678fab65091a9290e40e2832a55e7ab731aad201
  MJRefresh: eeda70fbf0ad277f3178cef1cd0c3532591d6237
  RongCloudIM: b1768dcb3af90d00ce621f7de4f787285435fbe3
  RxCocoa: 32065309a38d29b5b0db858819b5bf9ef038b601
  RxRelay: d77f7d771495f43c556cbc43eebd1bb54d01e8e9
  RxSwift: 81470a2074fa8780320ea5fe4102807cb7118178
  SensorsAnalyticsSDK: dd96a4b07d9e0ad35b80a2120e583b1a0153282d
  SnapKit: 97b92857e3df3a0c71833cce143274bf6ef8e5eb
  SwiftyJSON: 36413e04c44ee145039d332b4f4e2d3e8d6c4db7
  WechatOpenSDK: 368ae03b72ee3ea1328c4f11326fbb5d2721d118
  WMPlayer: a914f80ed5dca7cd9e3a94ec07a2b02eec8c15c0

PODFILE CHECKSUM: d53ed69828694d6d20485e43e4b3ec36382d744d

COCOAPODS: 1.9.3
